PODS:
  - Alamofire (5.4.1)
  - SDWebImage (5.10.4):
    - SDWebImage/Core (= 5.10.4)
  - SDWebImage/Core (5.10.4)
  - SwiftLint (0.43.0)
  - URLImage (2.2.3):
    - URLImage/Common (= 2.2.3)
    - URLImage/DownloadManager (= 2.2.3)
    - URLImage/FileIndex (= 2.2.3)
    - URLImage/ImageDecoder (= 2.2.3)
    - URLImage/Log (= 2.2.3)
    - URLImage/PlainDatabase (= 2.2.3)
    - URLImage/RemoteContentView (= 2.2.3)
  - URLImage/Common (2.2.3)
  - URLImage/DownloadManager (2.2.3):
    - URLImage/Log
  - URLImage/FileIndex (2.2.3):
    - URLImage/Common
    - URLImage/Log
    - URLImage/PlainDatabase
  - URLImage/ImageDecoder (2.2.3)
  - URLImage/Log (2.2.3)
  - URLImage/PlainDatabase (2.2.3)
  - URLImage/RemoteContentView (2.2.3)

DEPENDENCIES:
  - Alamofire (~> 5.2)
  - SDWebImage (~> 5.0)
  - SwiftLint
  - URLImage

SPEC REPOS:
  trunk:
    - Alamofire
    - SDWebImage
    - SwiftLint
    - URLImage

SPEC CHECKSUMS:
  Alamofire: 2291f7d21ca607c491dd17642e5d40fdcda0e65c
  SDWebImage: c666b97e1fa9c64b4909816a903322018f0a9c84
  SwiftLint: 0c645fdc6feed3e390c1701ab3cc669f88b42752
  URLImage: 1eeb43e09cd736008da21944ba51d433ef41c09d

PODFILE CHECKSUM: 53d8e2e7a23fcfb669094b3840dffd0561f25dbd

COCOAPODS: 1.10.1
