// !$*UTF8*$!
{
	archiveVersion = 1;
	classes = {
	};
	objectVersion = 51;
	objects = {

/* Begin PBXBuildFile section */
		2DC188EFAE956411DA0D6223 /* .swiftlint.yml in Resources */ = {isa = PBXBuildFile; fileRef = 2DC18A9ED8FBEFF058DDE097 /* .swiftlint.yml */; };
		2DC18D0EBD43AD2947F1FBF0 /* Player.swift in Sources */ = {isa = PBXBuildFile; fileRef = 2DC182FDBB6AF41BEF4C9091 /* Player.swift */; };
		A114629825EDBC8F00D190B8 /* FooterView.swift in Sources */ = {isa = PBXBuildFile; fileRef = A114629725EDBC8F00D190B8 /* FooterView.swift */; };
		A114629D25EDD3A000D190B8 /* PlayerView.xib in Resources */ = {isa = PBXBuildFile; fileRef = A114629C25EDD3A000D190B8 /* PlayerView.xib */; };
		A11462A025EDD3A900D190B8 /* PlayerView.swift in Sources */ = {isa = PBXBuildFile; fileRef = A114629F25EDD3A900D190B8 /* PlayerView.swift */; };
		A118565A25F029FE004B693F /* UIView.swift in Sources */ = {isa = PBXBuildFile; fileRef = A118565925F029FE004B693F /* UIView.swift */; };
		A118565D25F058C0004B693F /* CMTime.swift in Sources */ = {isa = PBXBuildFile; fileRef = A118565C25F058C0004B693F /* CMTime.swift */; };
		A118566025F0737A004B693F /* AudioPlayerService.swift in Sources */ = {isa = PBXBuildFile; fileRef = A118565F25F0737A004B693F /* AudioPlayerService.swift */; };
		A11B686425E9ECE90013C822 /* SearchPresenter.swift in Sources */ = {isa = PBXBuildFile; fileRef = A11B685D25E9ECE90013C822 /* SearchPresenter.swift */; };
		A11B686525E9ECE90013C822 /* SearchWorker.swift in Sources */ = {isa = PBXBuildFile; fileRef = A11B685E25E9ECE90013C822 /* SearchWorker.swift */; };
		A11B686625E9ECE90013C822 /* SearchRouter.swift in Sources */ = {isa = PBXBuildFile; fileRef = A11B685F25E9ECE90013C822 /* SearchRouter.swift */; };
		A11B686725E9ECE90013C822 /* SearchModels.swift in Sources */ = {isa = PBXBuildFile; fileRef = A11B686025E9ECE90013C822 /* SearchModels.swift */; };
		A11B686825E9ECE90013C822 /* SearchViewController.swift in Sources */ = {isa = PBXBuildFile; fileRef = A11B686125E9ECE90013C822 /* SearchViewController.swift */; };
		A11B686925E9ECE90013C822 /* SearchInteractor.swift in Sources */ = {isa = PBXBuildFile; fileRef = A11B686225E9ECE90013C822 /* SearchInteractor.swift */; };
		A125719825E2FF8500C9C155 /* AppDelegate.swift in Sources */ = {isa = PBXBuildFile; fileRef = A125719725E2FF8500C9C155 /* AppDelegate.swift */; };
		A125719A25E2FF8500C9C155 /* SceneDelegate.swift in Sources */ = {isa = PBXBuildFile; fileRef = A125719925E2FF8500C9C155 /* SceneDelegate.swift */; };
		A125719E25E2FF8600C9C155 /* Assets.xcassets in Resources */ = {isa = PBXBuildFile; fileRef = A125719D25E2FF8600C9C155 /* Assets.xcassets */; };
		A12571A425E2FF8600C9C155 /* LaunchScreen.storyboard in Resources */ = {isa = PBXBuildFile; fileRef = A12571A225E2FF8600C9C155 /* LaunchScreen.storyboard */; };
		A12571AD25E31AE000C9C155 /* MainTabBarController.swift in Sources */ = {isa = PBXBuildFile; fileRef = A12571AC25E31AE000C9C155 /* MainTabBarController.swift */; };
		A12571BC25E32BE300C9C155 /* UIColor.swift in Sources */ = {isa = PBXBuildFile; fileRef = A12571BB25E32BE300C9C155 /* UIColor.swift */; };
		A12571C125E339F300C9C155 /* Array.swift in Sources */ = {isa = PBXBuildFile; fileRef = A12571C025E339F300C9C155 /* Array.swift */; };
		A15029FC25EC5AF9007D796B /* TrackCell.xib in Resources */ = {isa = PBXBuildFile; fileRef = A15029FB25EC5AF9007D796B /* TrackCell.xib */; };
		A15029FF25EC5B32007D796B /* TrackCell.swift in Sources */ = {isa = PBXBuildFile; fileRef = A15029FE25EC5B32007D796B /* TrackCell.swift */; };
		A163F9FC25F4200900F00B68 /* LibraryView.swift in Sources */ = {isa = PBXBuildFile; fileRef = A163F9FB25F4200900F00B68 /* LibraryView.swift */; };
		A163FA0025F4428600F00B68 /* LibraryCell.swift in Sources */ = {isa = PBXBuildFile; fileRef = A163F9FF25F4428600F00B68 /* LibraryCell.swift */; };
		A163FA0325F47C6F00F00B68 /* TracksCache.swift in Sources */ = {isa = PBXBuildFile; fileRef = A163FA0225F47C6F00F00B68 /* TracksCache.swift */; };
		A16BAF4925EA9959009EB3CF /* SearchViewController.storyboard in Resources */ = {isa = PBXBuildFile; fileRef = A16BAF4825EA9959009EB3CF /* SearchViewController.storyboard */; };
		A16BAF4E25EAA07B009EB3CF /* UIViewController + Storyboard.swift in Sources */ = {isa = PBXBuildFile; fileRef = A16BAF4D25EAA07B009EB3CF /* UIViewController + Storyboard.swift */; };
		A190C17625F5954E00B09A59 /* Preview Content in Resources */ = {isa = PBXBuildFile; fileRef = A190C17525F5954E00B09A59 /* Preview Content */; };
		A1E2AB8A25E7105900554738 /* SearchResponse.swift in Sources */ = {isa = PBXBuildFile; fileRef = A1E2AB8925E7105900554738 /* SearchResponse.swift */; };
		A1E2AB8D25E7442800554738 /* NetworkService.swift in Sources */ = {isa = PBXBuildFile; fileRef = A1E2AB8C25E7442800554738 /* NetworkService.swift */; };
		A1E8991225F2F65E0065BBE0 /* UIApplication.swift in Sources */ = {isa = PBXBuildFile; fileRef = A1E8991125F2F65E0065BBE0 /* UIApplication.swift */; };
		C91A60D506AD84E00F68F4C2 /* Pods_MusicApp.framework in Frameworks */ = {isa = PBXBuildFile; fileRef = BECBDCC17C22804D79238A35 /* Pods_MusicApp.framework */; };
/* End PBXBuildFile section */

/* Begin PBXFileReference section */
		17E97FCAE6E861F4245833E1 /* Pods-MusicApp.debug.xcconfig */ = {isa = PBXFileReference; includeInIndex = 1; lastKnownFileType = text.xcconfig; name = "Pods-MusicApp.debug.xcconfig"; path = "Target Support Files/Pods-MusicApp/Pods-MusicApp.debug.xcconfig"; sourceTree = "<group>"; };
		2DC182FDBB6AF41BEF4C9091 /* Player.swift */ = {isa = PBXFileReference; fileEncoding = 4; lastKnownFileType = sourcecode.swift; path = Player.swift; sourceTree = "<group>"; };
		2DC18A9ED8FBEFF058DDE097 /* .swiftlint.yml */ = {isa = PBXFileReference; fileEncoding = 4; lastKnownFileType = text.yaml; path = .swiftlint.yml; sourceTree = "<group>"; };
		A114629725EDBC8F00D190B8 /* FooterView.swift */ = {isa = PBXFileReference; lastKnownFileType = sourcecode.swift; path = FooterView.swift; sourceTree = "<group>"; };
		A114629C25EDD3A000D190B8 /* PlayerView.xib */ = {isa = PBXFileReference; lastKnownFileType = file.xib; path = PlayerView.xib; sourceTree = "<group>"; };
		A114629F25EDD3A900D190B8 /* PlayerView.swift */ = {isa = PBXFileReference; lastKnownFileType = sourcecode.swift; path = PlayerView.swift; sourceTree = "<group>"; };
		A118565925F029FE004B693F /* UIView.swift */ = {isa = PBXFileReference; lastKnownFileType = sourcecode.swift; path = UIView.swift; sourceTree = "<group>"; };
		A118565C25F058C0004B693F /* CMTime.swift */ = {isa = PBXFileReference; lastKnownFileType = sourcecode.swift; path = CMTime.swift; sourceTree = "<group>"; };
		A118565F25F0737A004B693F /* AudioPlayerService.swift */ = {isa = PBXFileReference; lastKnownFileType = sourcecode.swift; path = AudioPlayerService.swift; sourceTree = "<group>"; };
		A11B685D25E9ECE90013C822 /* SearchPresenter.swift */ = {isa = PBXFileReference; lastKnownFileType = sourcecode.swift; path = SearchPresenter.swift; sourceTree = "<group>"; };
		A11B685E25E9ECE90013C822 /* SearchWorker.swift */ = {isa = PBXFileReference; lastKnownFileType = sourcecode.swift; path = SearchWorker.swift; sourceTree = "<group>"; };
		A11B685F25E9ECE90013C822 /* SearchRouter.swift */ = {isa = PBXFileReference; lastKnownFileType = sourcecode.swift; path = SearchRouter.swift; sourceTree = "<group>"; };
		A11B686025E9ECE90013C822 /* SearchModels.swift */ = {isa = PBXFileReference; lastKnownFileType = sourcecode.swift; path = SearchModels.swift; sourceTree = "<group>"; };
		A11B686125E9ECE90013C822 /* SearchViewController.swift */ = {isa = PBXFileReference; lastKnownFileType = sourcecode.swift; path = SearchViewController.swift; sourceTree = "<group>"; };
		A11B686225E9ECE90013C822 /* SearchInteractor.swift */ = {isa = PBXFileReference; lastKnownFileType = sourcecode.swift; path = SearchInteractor.swift; sourceTree = "<group>"; };
		A125719425E2FF8500C9C155 /* MusicApp.app */ = {isa = PBXFileReference; explicitFileType = wrapper.application; includeInIndex = 0; path = MusicApp.app; sourceTree = BUILT_PRODUCTS_DIR; };
		A125719725E2FF8500C9C155 /* AppDelegate.swift */ = {isa = PBXFileReference; lastKnownFileType = sourcecode.swift; path = AppDelegate.swift; sourceTree = "<group>"; };
		A125719925E2FF8500C9C155 /* SceneDelegate.swift */ = {isa = PBXFileReference; lastKnownFileType = sourcecode.swift; path = SceneDelegate.swift; sourceTree = "<group>"; };
		A125719D25E2FF8600C9C155 /* Assets.xcassets */ = {isa = PBXFileReference; lastKnownFileType = folder.assetcatalog; path = Assets.xcassets; sourceTree = "<group>"; };
		A12571A325E2FF8600C9C155 /* Base */ = {isa = PBXFileReference; lastKnownFileType = file.storyboard; name = Base; path = Base.lproj/LaunchScreen.storyboard; sourceTree = "<group>"; };
		A12571A525E2FF8600C9C155 /* Info.plist */ = {isa = PBXFileReference; lastKnownFileType = text.plist.xml; path = Info.plist; sourceTree = "<group>"; };
		A12571AC25E31AE000C9C155 /* MainTabBarController.swift */ = {isa = PBXFileReference; lastKnownFileType = sourcecode.swift; path = MainTabBarController.swift; sourceTree = "<group>"; };
		A12571BB25E32BE300C9C155 /* UIColor.swift */ = {isa = PBXFileReference; lastKnownFileType = sourcecode.swift; path = UIColor.swift; sourceTree = "<group>"; };
		A12571C025E339F300C9C155 /* Array.swift */ = {isa = PBXFileReference; lastKnownFileType = sourcecode.swift; path = Array.swift; sourceTree = "<group>"; };
		A15029FB25EC5AF9007D796B /* TrackCell.xib */ = {isa = PBXFileReference; lastKnownFileType = file.xib; path = TrackCell.xib; sourceTree = "<group>"; };
		A15029FE25EC5B32007D796B /* TrackCell.swift */ = {isa = PBXFileReference; lastKnownFileType = sourcecode.swift; path = TrackCell.swift; sourceTree = "<group>"; };
		A16093A025F591F600CF570B /* TODO.md */ = {isa = PBXFileReference; lastKnownFileType = net.daringfireball.markdown; path = TODO.md; sourceTree = "<group>"; };
		A163F9FB25F4200900F00B68 /* LibraryView.swift */ = {isa = PBXFileReference; lastKnownFileType = sourcecode.swift; path = LibraryView.swift; sourceTree = "<group>"; };
		A163F9FF25F4428600F00B68 /* LibraryCell.swift */ = {isa = PBXFileReference; lastKnownFileType = sourcecode.swift; path = LibraryCell.swift; sourceTree = "<group>"; };
		A163FA0225F47C6F00F00B68 /* TracksCache.swift */ = {isa = PBXFileReference; lastKnownFileType = sourcecode.swift; path = TracksCache.swift; sourceTree = "<group>"; };
		A16BAF4825EA9959009EB3CF /* SearchViewController.storyboard */ = {isa = PBXFileReference; lastKnownFileType = file.storyboard; path = SearchViewController.storyboard; sourceTree = "<group>"; };
		A16BAF4D25EAA07B009EB3CF /* UIViewController + Storyboard.swift */ = {isa = PBXFileReference; lastKnownFileType = sourcecode.swift; path = "UIViewController + Storyboard.swift"; sourceTree = "<group>"; };
		A190C17525F5954E00B09A59 /* Preview Content */ = {isa = PBXFileReference; lastKnownFileType = folder; path = "Preview Content"; sourceTree = "<group>"; };
		A1E2AB8925E7105900554738 /* SearchResponse.swift */ = {isa = PBXFileReference; lastKnownFileType = sourcecode.swift; path = SearchResponse.swift; sourceTree = "<group>"; };
		A1E2AB8C25E7442800554738 /* NetworkService.swift */ = {isa = PBXFileReference; lastKnownFileType = sourcecode.swift; path = NetworkService.swift; sourceTree = "<group>"; };
		A1E8991125F2F65E0065BBE0 /* UIApplication.swift */ = {isa = PBXFileReference; lastKnownFileType = sourcecode.swift; path = UIApplication.swift; sourceTree = "<group>"; };
		BECBDCC17C22804D79238A35 /* Pods_MusicApp.framework */ = {isa = PBXFileReference; explicitFileType = wrapper.framework; includeInIndex = 0; path = Pods_MusicApp.framework; sourceTree = BUILT_PRODUCTS_DIR; };
		F16DF82574406898F595BC6B /* Pods-MusicApp.release.xcconfig */ = {isa = PBXFileReference; includeInIndex = 1; lastKnownFileType = text.xcconfig; name = "Pods-MusicApp.release.xcconfig"; path = "Target Support Files/Pods-MusicApp/Pods-MusicApp.release.xcconfig"; sourceTree = "<group>"; };
/* End PBXFileReference section */

/* Begin PBXFrameworksBuildPhase section */
		A125719125E2FF8500C9C155 /* Frameworks */ = {
			isa = PBXFrameworksBuildPhase;
			buildActionMask = 2147483647;
			files = (
				C91A60D506AD84E00F68F4C2 /* Pods_MusicApp.framework in Frameworks */,
			);
			runOnlyForDeploymentPostprocessing = 0;
		};
/* End PBXFrameworksBuildPhase section */

/* Begin PBXGroup section */
		47F773EA501DFAD798A30101 /* Pods */ = {
			isa = PBXGroup;
			children = (
				17E97FCAE6E861F4245833E1 /* Pods-MusicApp.debug.xcconfig */,
				F16DF82574406898F595BC6B /* Pods-MusicApp.release.xcconfig */,
			);
			path = Pods;
			sourceTree = "<group>";
		};
		A114629625EDBC8100D190B8 /* FooterView */ = {
			isa = PBXGroup;
			children = (
				A114629725EDBC8F00D190B8 /* FooterView.swift */,
			);
			path = FooterView;
			sourceTree = "<group>";
		};
		A11B685B25E9EC270013C822 /* Search */ = {
			isa = PBXGroup;
			children = (
				A114629625EDBC8100D190B8 /* FooterView */,
				A15029FA25EC5ACF007D796B /* Cell */,
				A16BAF4825EA9959009EB3CF /* SearchViewController.storyboard */,
				A11B686125E9ECE90013C822 /* SearchViewController.swift */,
				A11B686225E9ECE90013C822 /* SearchInteractor.swift */,
				A11B685D25E9ECE90013C822 /* SearchPresenter.swift */,
				A11B686025E9ECE90013C822 /* SearchModels.swift */,
				A11B685E25E9ECE90013C822 /* SearchWorker.swift */,
				A11B685F25E9ECE90013C822 /* SearchRouter.swift */,
			);
			path = Search;
			sourceTree = "<group>";
		};
		A125718B25E2FF8500C9C155 = {
			isa = PBXGroup;
			children = (
				A125719625E2FF8500C9C155 /* MusicApp */,
				A125719525E2FF8500C9C155 /* Products */,
				47F773EA501DFAD798A30101 /* Pods */,
				F32BCF57D32A70796DA14CAE /* Frameworks */,
				2DC18A9ED8FBEFF058DDE097 /* .swiftlint.yml */,
			);
			sourceTree = "<group>";
		};
		A125719525E2FF8500C9C155 /* Products */ = {
			isa = PBXGroup;
			children = (
				A125719425E2FF8500C9C155 /* MusicApp.app */,
			);
			name = Products;
			sourceTree = "<group>";
		};
		A125719625E2FF8500C9C155 /* MusicApp */ = {
			isa = PBXGroup;
			children = (
				A190C17825F5966800B09A59 /* Player */,
				A16093A025F591F600CF570B /* TODO.md */,
				A125719725E2FF8500C9C155 /* AppDelegate.swift */,
				A125719925E2FF8500C9C155 /* SceneDelegate.swift */,
				A163FA0525F482B500F00B68 /* Library */,
				A12571AC25E31AE000C9C155 /* MainTabBarController.swift */,
				A11B685B25E9EC270013C822 /* Search */,
				A125719D25E2FF8600C9C155 /* Assets.xcassets */,
				A190C17525F5954E00B09A59 /* Preview Content */,
				A12571A225E2FF8600C9C155 /* LaunchScreen.storyboard */,
				A12571A525E2FF8600C9C155 /* Info.plist */,
				A12571BA25E32BCD00C9C155 /* Extensions */,
				A16BAF4625EA989A009EB3CF /* Services */,
			);
			path = MusicApp;
			sourceTree = "<group>";
		};
		A12571BA25E32BCD00C9C155 /* Extensions */ = {
			isa = PBXGroup;
			children = (
				A12571BB25E32BE300C9C155 /* UIColor.swift */,
				A12571C025E339F300C9C155 /* Array.swift */,
				A16BAF4D25EAA07B009EB3CF /* UIViewController + Storyboard.swift */,
				A118565925F029FE004B693F /* UIView.swift */,
				A118565C25F058C0004B693F /* CMTime.swift */,
				A1E8991125F2F65E0065BBE0 /* UIApplication.swift */,
			);
			path = Extensions;
			sourceTree = "<group>";
		};
		A15029FA25EC5ACF007D796B /* Cell */ = {
			isa = PBXGroup;
			children = (
				A15029FB25EC5AF9007D796B /* TrackCell.xib */,
				A15029FE25EC5B32007D796B /* TrackCell.swift */,
			);
			path = Cell;
			sourceTree = "<group>";
		};
		A1502A0125EC6377007D796B /* Models */ = {
			isa = PBXGroup;
			children = (
				A1E2AB8925E7105900554738 /* SearchResponse.swift */,
			);
			path = Models;
			sourceTree = "<group>";
		};
		A163FA0525F482B500F00B68 /* Library */ = {
			isa = PBXGroup;
			children = (
				A163F9FB25F4200900F00B68 /* LibraryView.swift */,
				A163F9FF25F4428600F00B68 /* LibraryCell.swift */,
			);
			path = Library;
			sourceTree = "<group>";
		};
		A16BAF4625EA989A009EB3CF /* Services */ = {
			isa = PBXGroup;
			children = (
				A1502A0125EC6377007D796B /* Models */,
				A1E2AB8C25E7442800554738 /* NetworkService.swift */,
				A118565F25F0737A004B693F /* AudioPlayerService.swift */,
				A163FA0225F47C6F00F00B68 /* TracksCache.swift */,
			);
			path = Services;
			sourceTree = "<group>";
		};
		A190C17825F5966800B09A59 /* Player */ = {
			isa = PBXGroup;
			children = (
				A114629C25EDD3A000D190B8 /* PlayerView.xib */,
				A114629F25EDD3A900D190B8 /* PlayerView.swift */,
				2DC182FDBB6AF41BEF4C9091 /* Player.swift */,
			);
			path = Player;
			sourceTree = "<group>";
		};
		F32BCF57D32A70796DA14CAE /* Frameworks */ = {
			isa = PBXGroup;
			children = (
				BECBDCC17C22804D79238A35 /* Pods_MusicApp.framework */,
			);
			name = Frameworks;
			sourceTree = "<group>";
		};
/* End PBXGroup section */

/* Begin PBXNativeTarget section */
		A125719325E2FF8500C9C155 /* MusicApp */ = {
			isa = PBXNativeTarget;
			buildConfigurationList = A12571A825E2FF8600C9C155 /* Build configuration list for PBXNativeTarget "MusicApp" */;
			buildPhases = (
				1F57535DD6DAB3D19F00083D /* [CP] Check Pods Manifest.lock */,
				A125719025E2FF8500C9C155 /* Sources */,
				A125719125E2FF8500C9C155 /* Frameworks */,
				A125719225E2FF8500C9C155 /* Resources */,
				F368D24E9E54B7AE92AA931D /* [CP] Embed Pods Frameworks */,
				A12152E225F5C7C5006F75A9 /* SwiftLint */,
			);
			buildRules = (
			);
			dependencies = (
			);
			name = MusicApp;
			productName = MusicApp;
			productReference = A125719425E2FF8500C9C155 /* MusicApp.app */;
			productType = "com.apple.product-type.application";
		};
/* End PBXNativeTarget section */

/* Begin PBXProject section */
		A125718C25E2FF8500C9C155 /* Project object */ = {
			isa = PBXProject;
			attributes = {
				LastSwiftUpdateCheck = 1240;
				LastUpgradeCheck = 1240;
				TargetAttributes = {
					A125719325E2FF8500C9C155 = {
						CreatedOnToolsVersion = 12.4;
					};
				};
			};
			buildConfigurationList = A125718F25E2FF8500C9C155 /* Build configuration list for PBXProject "MusicApp" */;
			compatibilityVersion = "Xcode 9.3";
			developmentRegion = en;
			hasScannedForEncodings = 0;
			knownRegions = (
				en,
				Base,
			);
			mainGroup = A125718B25E2FF8500C9C155;
			productRefGroup = A125719525E2FF8500C9C155 /* Products */;
			projectDirPath = "";
			projectRoot = "";
			targets = (
				A125719325E2FF8500C9C155 /* MusicApp */,
			);
		};
/* End PBXProject section */

/* Begin PBXResourcesBuildPhase section */
		A125719225E2FF8500C9C155 /* Resources */ = {
			isa = PBXResourcesBuildPhase;
			buildActionMask = 2147483647;
			files = (
				A190C17625F5954E00B09A59 /* Preview Content in Resources */,
				A12571A425E2FF8600C9C155 /* LaunchScreen.storyboard in Resources */,
				A114629D25EDD3A000D190B8 /* PlayerView.xib in Resources */,
				A15029FC25EC5AF9007D796B /* TrackCell.xib in Resources */,
				A16BAF4925EA9959009EB3CF /* SearchViewController.storyboard in Resources */,
				A125719E25E2FF8600C9C155 /* Assets.xcassets in Resources */,
				2DC188EFAE956411DA0D6223 /* .swiftlint.yml in Resources */,
			);
			runOnlyForDeploymentPostprocessing = 0;
		};
/* End PBXResourcesBuildPhase section */

/* Begin PBXShellScriptBuildPhase section */
		1F57535DD6DAB3D19F00083D /* [CP] Check Pods Manifest.lock */ = {
			isa = PBXShellScriptBuildPhase;
			buildActionMask = 2147483647;
			files = (
			);
			inputFileListPaths = (
			);
			inputPaths = (
				"${PODS_PODFILE_DIR_PATH}/Podfile.lock",
				"${PODS_ROOT}/Manifest.lock",
			);
			name = "[CP] Check Pods Manifest.lock";
			outputFileListPaths = (
			);
			outputPaths = (
				"$(DERIVED_FILE_DIR)/Pods-MusicApp-checkManifestLockResult.txt",
			);
			runOnlyForDeploymentPostprocessing = 0;
			shellPath = /bin/sh;
			shellScript = "diff \"${PODS_PODFILE_DIR_PATH}/Podfile.lock\" \"${PODS_ROOT}/Manifest.lock\" > /dev/null\nif [ $? != 0 ] ; then\n    # print error to STDERR\n    echo \"error: The sandbox is not in sync with the Podfile.lock. Run 'pod install' or update your CocoaPods installation.\" >&2\n    exit 1\nfi\n# This output is used by Xcode 'outputs' to avoid re-running this script phase.\necho \"SUCCESS\" > \"${SCRIPT_OUTPUT_FILE_0}\"\n";
			showEnvVarsInLog = 0;
		};
		A12152E225F5C7C5006F75A9 /* SwiftLint */ = {
			isa = PBXShellScriptBuildPhase;
			buildActionMask = 12;
			files = (
			);
			inputFileListPaths = (
			);
			inputPaths = (
			);
			name = SwiftLint;
			outputFileListPaths = (
			);
			outputPaths = (
			);
			runOnlyForDeploymentPostprocessing = 0;
			shellPath = /bin/sh;
			shellScript = "\"${PODS_ROOT}/SwiftLint/swiftlint\"\n";
		};
		F368D24E9E54B7AE92AA931D /* [CP] Embed Pods Frameworks */ = {
			isa = PBXShellScriptBuildPhase;
			buildActionMask = 2147483647;
			files = (
			);
			inputFileListPaths = (
				"${PODS_ROOT}/Target Support Files/Pods-MusicApp/Pods-MusicApp-frameworks-${CONFIGURATION}-input-files.xcfilelist",
			);
			name = "[CP] Embed Pods Frameworks";
			outputFileListPaths = (
				"${PODS_ROOT}/Target Support Files/Pods-MusicApp/Pods-MusicApp-frameworks-${CONFIGURATION}-output-files.xcfilelist",
			);
			runOnlyForDeploymentPostprocessing = 0;
			shellPath = /bin/sh;
			shellScript = "\"${PODS_ROOT}/Target Support Files/Pods-MusicApp/Pods-MusicApp-frameworks.sh\"\n";
			showEnvVarsInLog = 0;
		};
/* End PBXShellScriptBuildPhase section */

/* Begin PBXSourcesBuildPhase section */
		A125719025E2FF8500C9C155 /* Sources */ = {
			isa = PBXSourcesBuildPhase;
			buildActionMask = 2147483647;
			files = (
				A163FA0025F4428600F00B68 /* LibraryCell.swift in Sources */,
				A1E8991225F2F65E0065BBE0 /* UIApplication.swift in Sources */,
				A118565A25F029FE004B693F /* UIView.swift in Sources */,
				A118566025F0737A004B693F /* AudioPlayerService.swift in Sources */,
				A11B686825E9ECE90013C822 /* SearchViewController.swift in Sources */,
				A11B686425E9ECE90013C822 /* SearchPresenter.swift in Sources */,
				A163F9FC25F4200900F00B68 /* LibraryView.swift in Sources */,
				A16BAF4E25EAA07B009EB3CF /* UIViewController + Storyboard.swift in Sources */,
				A118565D25F058C0004B693F /* CMTime.swift in Sources */,
				A114629825EDBC8F00D190B8 /* FooterView.swift in Sources */,
				A11B686925E9ECE90013C822 /* SearchInteractor.swift in Sources */,
				A1E2AB8D25E7442800554738 /* NetworkService.swift in Sources */,
				A12571BC25E32BE300C9C155 /* UIColor.swift in Sources */,
				A125719825E2FF8500C9C155 /* AppDelegate.swift in Sources */,
				A11B686525E9ECE90013C822 /* SearchWorker.swift in Sources */,
				A125719A25E2FF8500C9C155 /* SceneDelegate.swift in Sources */,
				A15029FF25EC5B32007D796B /* TrackCell.swift in Sources */,
				A11B686725E9ECE90013C822 /* SearchModels.swift in Sources */,
				A12571AD25E31AE000C9C155 /* MainTabBarController.swift in Sources */,
				A12571C125E339F300C9C155 /* Array.swift in Sources */,
				A163FA0325F47C6F00F00B68 /* TracksCache.swift in Sources */,
				A11462A025EDD3A900D190B8 /* PlayerView.swift in Sources */,
				A1E2AB8A25E7105900554738 /* SearchResponse.swift in Sources */,
				A11B686625E9ECE90013C822 /* SearchRouter.swift in Sources */,
				2DC18D0EBD43AD2947F1FBF0 /* Player.swift in Sources */,
			);
			runOnlyForDeploymentPostprocessing = 0;
		};
/* End PBXSourcesBuildPhase section */

/* Begin PBXVariantGroup section */
		A12571A225E2FF8600C9C155 /* LaunchScreen.storyboard */ = {
			isa = PBXVariantGroup;
			children = (
				A12571A325E2FF8600C9C155 /* Base */,
			);
			name = LaunchScreen.storyboard;
			sourceTree = "<group>";
		};
/* End PBXVariantGroup section */

/* Begin XCBuildConfiguration section */
		A12571A625E2FF8600C9C155 /* Debug */ = {
			isa = XCBuildConfiguration;
			buildSettings = {
				ALWAYS_SEARCH_USER_PATHS = NO;
				CLANG_ANALYZER_NONNULL = YES;
				CLANG_ANALYZER_NUMBER_OBJECT_CONVERSION = YES_AGGRESSIVE;
				CLANG_CXX_LANGUAGE_STANDARD = "gnu++14";
				CLANG_CXX_LIBRARY = "libc++";
				CLANG_ENABLE_MODULES = YES;
				CLANG_ENABLE_OBJC_ARC = YES;
				CLANG_ENABLE_OBJC_WEAK = YES;
				CLANG_WARN_BLOCK_CAPTURE_AUTORELEASING = YES;
				CLANG_WARN_BOOL_CONVERSION = YES;
				CLANG_WARN_COMMA = YES;
				CLANG_WARN_CONSTANT_CONVERSION = YES;
				CLANG_WARN_DEPRECATED_OBJC_IMPLEMENTATIONS = YES;
				CLANG_WARN_DIRECT_OBJC_ISA_USAGE = YES_ERROR;
				CLANG_WARN_DOCUMENTATION_COMMENTS = YES;
				CLANG_WARN_EMPTY_BODY = YES;
				CLANG_WARN_ENUM_CONVERSION = YES;
				CLANG_WARN_INFINITE_RECURSION = YES;
				CLANG_WARN_INT_CONVERSION = YES;
				CLANG_WARN_NON_LITERAL_NULL_CONVERSION = YES;
				CLANG_WARN_OBJC_IMPLICIT_RETAIN_SELF = YES;
				CLANG_WARN_OBJC_LITERAL_CONVERSION = YES;
				CLANG_WARN_OBJC_ROOT_CLASS = YES_ERROR;
				CLANG_WARN_QUOTED_INCLUDE_IN_FRAMEWORK_HEADER = YES;
				CLANG_WARN_RANGE_LOOP_ANALYSIS = YES;
				CLANG_WARN_STRICT_PROTOTYPES = YES;
				CLANG_WARN_SUSPICIOUS_MOVE = YES;
				CLANG_WARN_UNGUARDED_AVAILABILITY = YES_AGGRESSIVE;
				CLANG_WARN_UNREACHABLE_CODE = YES;
				CLANG_WARN__DUPLICATE_METHOD_MATCH = YES;
				COPY_PHASE_STRIP = NO;
				DEBUG_INFORMATION_FORMAT = dwarf;
				ENABLE_STRICT_OBJC_MSGSEND = YES;
				ENABLE_TESTABILITY = YES;
				GCC_C_LANGUAGE_STANDARD = gnu11;
				GCC_DYNAMIC_NO_PIC = NO;
				GCC_NO_COMMON_BLOCKS = YES;
				GCC_OPTIMIZATION_LEVEL = 0;
				GCC_PREPROCESSOR_DEFINITIONS = (
					"DEBUG=1",
					"$(inherited)",
				);
				GCC_WARN_64_TO_32_BIT_CONVERSION = YES;
				GCC_WARN_ABOUT_RETURN_TYPE = YES_ERROR;
				GCC_WARN_UNDECLARED_SELECTOR = YES;
				GCC_WARN_UNINITIALIZED_AUTOS = YES_AGGRESSIVE;
				GCC_WARN_UNUSED_FUNCTION = YES;
				GCC_WARN_UNUSED_VARIABLE = YES;
				IPHONEOS_DEPLOYMENT_TARGET = 14.4;
				MTL_ENABLE_DEBUG_INFO = INCLUDE_SOURCE;
				MTL_FAST_MATH = YES;
				ONLY_ACTIVE_ARCH = YES;
				SDKROOT = iphoneos;
				SWIFT_ACTIVE_COMPILATION_CONDITIONS = DEBUG;
				SWIFT_OPTIMIZATION_LEVEL = "-Onone";
			};
			name = Debug;
		};
		A12571A725E2FF8600C9C155 /* Release */ = {
			isa = XCBuildConfiguration;
			buildSettings = {
				ALWAYS_SEARCH_USER_PATHS = NO;
				CLANG_ANALYZER_NONNULL = YES;
				CLANG_ANALYZER_NUMBER_OBJECT_CONVERSION = YES_AGGRESSIVE;
				CLANG_CXX_LANGUAGE_STANDARD = "gnu++14";
				CLANG_CXX_LIBRARY = "libc++";
				CLANG_ENABLE_MODULES = YES;
				CLANG_ENABLE_OBJC_ARC = YES;
				CLANG_ENABLE_OBJC_WEAK = YES;
				CLANG_WARN_BLOCK_CAPTURE_AUTORELEASING = YES;
				CLANG_WARN_BOOL_CONVERSION = YES;
				CLANG_WARN_COMMA = YES;
				CLANG_WARN_CONSTANT_CONVERSION = YES;
				CLANG_WARN_DEPRECATED_OBJC_IMPLEMENTATIONS = YES;
				CLANG_WARN_DIRECT_OBJC_ISA_USAGE = YES_ERROR;
				CLANG_WARN_DOCUMENTATION_COMMENTS = YES;
				CLANG_WARN_EMPTY_BODY = YES;
				CLANG_WARN_ENUM_CONVERSION = YES;
				CLANG_WARN_INFINITE_RECURSION = YES;
				CLANG_WARN_INT_CONVERSION = YES;
				CLANG_WARN_NON_LITERAL_NULL_CONVERSION = YES;
				CLANG_WARN_OBJC_IMPLICIT_RETAIN_SELF = YES;
				CLANG_WARN_OBJC_LITERAL_CONVERSION = YES;
				CLANG_WARN_OBJC_ROOT_CLASS = YES_ERROR;
				CLANG_WARN_QUOTED_INCLUDE_IN_FRAMEWORK_HEADER = YES;
				CLANG_WARN_RANGE_LOOP_ANALYSIS = YES;
				CLANG_WARN_STRICT_PROTOTYPES = YES;
				CLANG_WARN_SUSPICIOUS_MOVE = YES;
				CLANG_WARN_UNGUARDED_AVAILABILITY = YES_AGGRESSIVE;
				CLANG_WARN_UNREACHABLE_CODE = YES;
				CLANG_WARN__DUPLICATE_METHOD_MATCH = YES;
				COPY_PHASE_STRIP = NO;
				DEBUG_INFORMATION_FORMAT = "dwarf-with-dsym";
				ENABLE_NS_ASSERTIONS = NO;
				ENABLE_STRICT_OBJC_MSGSEND = YES;
				GCC_C_LANGUAGE_STANDARD = gnu11;
				GCC_NO_COMMON_BLOCKS = YES;
				GCC_WARN_64_TO_32_BIT_CONVERSION = YES;
				GCC_WARN_ABOUT_RETURN_TYPE = YES_ERROR;
				GCC_WARN_UNDECLARED_SELECTOR = YES;
				GCC_WARN_UNINITIALIZED_AUTOS = YES_AGGRESSIVE;
				GCC_WARN_UNUSED_FUNCTION = YES;
				GCC_WARN_UNUSED_VARIABLE = YES;
				IPHONEOS_DEPLOYMENT_TARGET = 14.4;
				MTL_ENABLE_DEBUG_INFO = NO;
				MTL_FAST_MATH = YES;
				SDKROOT = iphoneos;
				SWIFT_COMPILATION_MODE = wholemodule;
				SWIFT_OPTIMIZATION_LEVEL = "-O";
				VALIDATE_PRODUCT = YES;
			};
			name = Release;
		};
		A12571A925E2FF8600C9C155 /* Debug */ = {
			isa = XCBuildConfiguration;
			baseConfigurationReference = 17E97FCAE6E861F4245833E1 /* Pods-MusicApp.debug.xcconfig */;
			buildSettings = {
				ASSETCATALOG_COMPILER_APPICON_NAME = AppIcon;
				ASSETCATALOG_COMPILER_GLOBAL_ACCENT_COLOR_NAME = AccentColor;
				CODE_SIGN_STYLE = Automatic;
				DEVELOPMENT_ASSET_PATHS = "\"MusicApp/Preview Content\"";
				DEVELOPMENT_TEAM = 8CHVCWFP3P;
				ENABLE_PREVIEWS = YES;
				INFOPLIST_FILE = MusicApp/Info.plist;
				IPHONEOS_DEPLOYMENT_TARGET = 14.1;
				LD_RUNPATH_SEARCH_PATHS = (
					"$(inherited)",
					"@executable_path/Frameworks",
				);
				PRODUCT_BUNDLE_IDENTIFIER = ru.user.home.MusicApp;
				PRODUCT_NAME = "$(TARGET_NAME)";
				SWIFT_VERSION = 5.0;
				TARGETED_DEVICE_FAMILY = "1,2";
			};
			name = Debug;
		};
		A12571AA25E2FF8600C9C155 /* Release */ = {
			isa = XCBuildConfiguration;
			baseConfigurationReference = F16DF82574406898F595BC6B /* Pods-MusicApp.release.xcconfig */;
			buildSettings = {
				ASSETCATALOG_COMPILER_APPICON_NAME = AppIcon;
				ASSETCATALOG_COMPILER_GLOBAL_ACCENT_COLOR_NAME = AccentColor;
				CODE_SIGN_STYLE = Automatic;
				DEVELOPMENT_ASSET_PATHS = "\"MusicApp/Preview Content\"";
				DEVELOPMENT_TEAM = 8CHVCWFP3P;
				ENABLE_PREVIEWS = YES;
				INFOPLIST_FILE = MusicApp/Info.plist;
				IPHONEOS_DEPLOYMENT_TARGET = 14.1;
				LD_RUNPATH_SEARCH_PATHS = (
					"$(inherited)",
					"@executable_path/Frameworks",
				);
				PRODUCT_BUNDLE_IDENTIFIER = ru.user.home.MusicApp;
				PRODUCT_NAME = "$(TARGET_NAME)";
				SWIFT_VERSION = 5.0;
				TARGETED_DEVICE_FAMILY = "1,2";
			};
			name = Release;
		};
/* End XCBuildConfiguration section */

/* Begin XCConfigurationList section */
		A125718F25E2FF8500C9C155 /* Build configuration list for PBXProject "MusicApp" */ = {
			isa = XCConfigurationList;
			buildConfigurations = (
				A12571A625E2FF8600C9C155 /* Debug */,
				A12571A725E2FF8600C9C155 /* Release */,
			);
			defaultConfigurationIsVisible = 0;
			defaultConfigurationName = Release;
		};
		A12571A825E2FF8600C9C155 /* Build configuration list for PBXNativeTarget "MusicApp" */ = {
			isa = XCConfigurationList;
			buildConfigurations = (
				A12571A925E2FF8600C9C155 /* Debug */,
				A12571AA25E2FF8600C9C155 /* Release */,
			);
			defaultConfigurationIsVisible = 0;
			defaultConfigurationName = Release;
		};
/* End XCConfigurationList section */
	};
	rootObject = A125718C25E2FF8500C9C155 /* Project object */;
}
